
Microsoft Visual Studio Solution File, Format Version 12.00
Project("{FAE04EC0-301F-11D3-BF4B-00C04F79EFBC}") = "Loops", "Loops\Loops.csproj", "{3734834F-0C83-4734-ADB1-2C00B18B787E}"
EndProject
Global
	GlobalSection(SolutionConfigurationPlatforms) = preSolution
		Debug|Any CPU = Debug|Any CPU
		Release|Any CPU = Release|Any CPU
	EndGlobalSection
	GlobalSection(ProjectConfigurationPlatforms) = postSolution
		{3734834F-0C83-4734-ADB1-2C00B18B787E}.Debug|Any CPU.ActiveCfg = Debug|Any CPU
		{3734834F-0C83-4734-ADB1-2C00B18B787E}.Debug|Any CPU.Build.0 = Debug|Any CPU
		{3734834F-0C83-4734-ADB1-2C00B18B787E}.Release|Any CPU.ActiveCfg = Release|Any CPU
		{3734834F-0C83-4734-ADB1-2C00B18B787E}.Release|Any CPU.Build.0 = Release|Any CPU
	EndGlobalSection
EndGlobal
